// !$*UTF8*$!
{
	archiveVersion = 1;
	classes = {
	};
	objectVersion = 56;
	objects = {

/* Begin PBXBuildFile section */
		1B98EC202AAC1A1D00AAEB2E /* Share_to_earnApp.swift in Sources */ = {isa = PBXBuildFile; fileRef = 1B98EC1F2AAC1A1D00AAEB2E /* Share_to_earnApp.swift */; };
		1B98EC222AAC1A1D00AAEB2E /* ContentView.swift in Sources */ = {isa = PBXBuildFile; fileRef = 1B98EC212AAC1A1D00AAEB2E /* ContentView.swift */; };
		1B98EC242AAC1A1E00AAEB2E /* Assets.xcassets in Resources */ = {isa = PBXBuildFile; fileRef = 1B98EC232AAC1A1E00AAEB2E /* Assets.xcassets */; };
		1B98EC272AAC1A1E00AAEB2E /* Preview Assets.xcassets in Resources */ = {isa = PBXBuildFile; fileRef = 1B98EC262AAC1A1E00AAEB2E /* Preview Assets.xcassets */; };
		1B98EC312AAC1A1E00AAEB2E /* Share_to_earnTests.swift in Sources */ = {isa = PBXBuildFile; fileRef = 1B98EC302AAC1A1E00AAEB2E /* Share_to_earnTests.swift */; };
		1B98EC3B2AAC1A1E00AAEB2E /* Share_to_earnUITests.swift in Sources */ = {isa = PBXBuildFile; fileRef = 1B98EC3A2AAC1A1E00AAEB2E /* Share_to_earnUITests.swift */; };
		1B98EC3D2AAC1A1E00AAEB2E /* Share_to_earnUITestsLaunchTests.swift in Sources */ = {isa = PBXBuildFile; fileRef = 1B98EC3C2AAC1A1E00AAEB2E /* Share_to_earnUITestsLaunchTests.swift */; };
/* End PBXBuildFile section */

/* Begin PBXContainerItemProxy section */
		1B98EC2D2AAC1A1E00AAEB2E /* PBXContainerItemProxy */ = {
			isa = PBXContainerItemProxy;
			containerPortal = 1B98EC142AAC1A1D00AAEB2E /* Project object */;
			proxyType = 1;
			remoteGlobalIDString = 1B98EC1B2AAC1A1D00AAEB2E;
			remoteInfo = "Share to earn";
		};
		1B98EC372AAC1A1E00AAEB2E /* PBXContainerItemProxy */ = {
			isa = PBXContainerItemProxy;
			containerPortal = 1B98EC142AAC1A1D00AAEB2E /* Project object */;
			proxyType = 1;
			remoteGlobalIDString = 1B98EC1B2AAC1A1D00AAEB2E;
			remoteInfo = "Share to earn";
		};
/* End PBXContainerItemProxy section */

/* Begin PBXFileReference section */
		1B98EC1C2AAC1A1D00AAEB2E /* Share to earn.app */ = {isa = PBXFileReference; explicitFileType = wrapper.application; includeInIndex = 0; path = "Share to earn.app"; sourceTree = BUILT_PRODUCTS_DIR; };
		1B98EC1F2AAC1A1D00AAEB2E /* Share_to_earnApp.swift */ = {isa = PBXFileReference; lastKnownFileType = sourcecode.swift; path = Share_to_earnApp.swift; sourceTree = "<group>"; };
		1B98EC212AAC1A1D00AAEB2E /* ContentView.swift */ = {isa = PBXFileReference; lastKnownFileType = sourcecode.swift; path = ContentView.swift; sourceTree = "<group>"; };
		1B98EC232AAC1A1E00AAEB2E /* Assets.xcassets */ = {isa = PBXFileReference; lastKnownFileType = folder.assetcatalog; path = Assets.xcassets; sourceTree = "<group>"; };
		1B98EC262AAC1A1E00AAEB2E /* Preview Assets.xcassets */ = {isa = PBXFileReference; lastKnownFileType = folder.assetcatalog; path = "Preview Assets.xcassets"; sourceTree = "<group>"; };
		1B98EC2C2AAC1A1E00AAEB2E /* Share to earnTests.xctest */ = {isa = PBXFileReference; explicitFileType = wrapper.cfbundle; includeInIndex = 0; path = "Share to earnTests.xctest"; sourceTree = BUILT_PRODUCTS_DIR; };
		1B98EC302AAC1A1E00AAEB2E /* Share_to_earnTests.swift */ = {isa = PBXFileReference; lastKnownFileType = sourcecode.swift; path = Share_to_earnTests.swift; sourceTree = "<group>"; };
		1B98EC362AAC1A1E00AAEB2E /* Share to earnUITests.xctest */ = {isa = PBXFileReference; explicitFileType = wrapper.cfbundle; includeInIndex = 0; path = "Share to earnUITests.xctest"; sourceTree = BUILT_PRODUCTS_DIR; };
		1B98EC3A2AAC1A1E00AAEB2E /* Share_to_earnUITests.swift */ = {isa = PBXFileReference; lastKnownFileType = sourcecode.swift; path = Share_to_earnUITests.swift; sourceTree = "<group>"; };
		1B98EC3C2AAC1A1E00AAEB2E /* Share_to_earnUITestsLaunchTests.swift */ = {isa = PBXFileReference; lastKnownFileType = sourcecode.swift; path = Share_to_earnUITestsLaunchTests.swift; sourceTree = "<group>"; };
/* End PBXFileReference section */

/* Begin PBXFrameworksBuildPhase section */
		1B98EC192AAC1A1D00AAEB2E /* Frameworks */ = {
			isa = PBXFrameworksBuildPhase;
			buildActionMask = 2147483647;
			files = (
			);
			runOnlyForDeploymentPostprocessing = 0;
		};
		1B98EC292AAC1A1E00AAEB2E /* Frameworks */ = {
			isa = PBXFrameworksBuildPhase;
			buildActionMask = 2147483647;
			files = (
			);
			runOnlyForDeploymentPostprocessing = 0;
		};
		1B98EC332AAC1A1E00AAEB2E /* Frameworks */ = {
			isa = PBXFrameworksBuildPhase;
			buildActionMask = 2147483647;
			files = (
			);
			runOnlyForDeploymentPostprocessing = 0;
		};
/* End PBXFrameworksBuildPhase section */

/* Begin PBXGroup section */
		1B98EC132AAC1A1D00AAEB2E = {
			isa = PBXGroup;
			children = (
				1B98EC1E2AAC1A1D00AAEB2E /* Share to earn */,
				1B98EC2F2AAC1A1E00AAEB2E /* Share to earnTests */,
				1B98EC392AAC1A1E00AAEB2E /* Share to earnUITests */,
				1B98EC1D2AAC1A1D00AAEB2E /* Products */,
			);
			sourceTree = "<group>";
		};
		1B98EC1D2AAC1A1D00AAEB2E /* Products */ = {
			isa = PBXGroup;
			children = (
				1B98EC1C2AAC1A1D00AAEB2E /* Share to earn.app */,
				1B98EC2C2AAC1A1E00AAEB2E /* Share to earnTests.xctest */,
				1B98EC362AAC1A1E00AAEB2E /* Share to earnUITests.xctest */,
			);
			name = Products;
			sourceTree = "<group>";
		};
		1B98EC1E2AAC1A1D00AAEB2E /* Share to earn */ = {
			isa = PBXGroup;
			children = (
				1B98EC1F2AAC1A1D00AAEB2E /* Share_to_earnApp.swift */,
				1B98EC212AAC1A1D00AAEB2E /* ContentView.swift */,
				1B98EC232AAC1A1E00AAEB2E /* Assets.xcassets */,
				1B98EC252AAC1A1E00AAEB2E /* Preview Content */,
			);
			path = "Share to earn";
			sourceTree = "<group>";
		};
		1B98EC252AAC1A1E00AAEB2E /* Preview Content */ = {
			isa = PBXGroup;
			children = (
				1B98EC262AAC1A1E00AAEB2E /* Preview Assets.xcassets */,
			);
			path = "Preview Content";
			sourceTree = "<group>";
		};
		1B98EC2F2AAC1A1E00AAEB2E /* Share to earnTests */ = {
			isa = PBXGroup;
			children = (
				1B98EC302AAC1A1E00AAEB2E /* Share_to_earnTests.swift */,
			);
			path = "Share to earnTests";
			sourceTree = "<group>";
		};
		1B98EC392AAC1A1E00AAEB2E /* Share to earnUITests */ = {
			isa = PBXGroup;
			children = (
				1B98EC3A2AAC1A1E00AAEB2E /* Share_to_earnUITests.swift */,
				1B98EC3C2AAC1A1E00AAEB2E /* Share_to_earnUITestsLaunchTests.swift */,
			);
			path = "Share to earnUITests";
			sourceTree = "<group>";
		};
/* End PBXGroup section */

/* Begin PBXNativeTarget section */
		1B98EC1B2AAC1A1D00AAEB2E /* Share to earn */ = {
			isa = PBXNativeTarget;
			buildConfigurationList = 1B98EC402AAC1A1E00AAEB2E /* Build configuration list for PBXNativeTarget "Share to earn" */;
			buildPhases = (
				1B98EC182AAC1A1D00AAEB2E /* Sources */,
				1B98EC192AAC1A1D00AAEB2E /* Frameworks */,
				1B98EC1A2AAC1A1D00AAEB2E /* Resources */,
			);
			buildRules = (
			);
			dependencies = (
			);
			name = "Share to earn";
			productName = "Share to earn";
			productReference = 1B98EC1C2AAC1A1D00AAEB2E /* Share to earn.app */;
			productType = "com.apple.product-type.application";
		};
		1B98EC2B2AAC1A1E00AAEB2E /* Share to earnTests */ = {
			isa = PBXNativeTarget;
			buildConfigurationList = 1B98EC432AAC1A1E00AAEB2E /* Build configuration list for PBXNativeTarget "Share to earnTests" */;
			buildPhases = (
				1B98EC282AAC1A1E00AAEB2E /* Sources */,
				1B98EC292AAC1A1E00AAEB2E /* Frameworks */,
				1B98EC2A2AAC1A1E00AAEB2E /* Resources */,
			);
			buildRules = (
			);
			dependencies = (
				1B98EC2E2AAC1A1E00AAEB2E /* PBXTargetDependency */,
			);
			name = "Share to earnTests";
			productName = "Share to earnTests";
			productReference = 1B98EC2C2AAC1A1E00AAEB2E /* Share to earnTests.xctest */;
			productType = "com.apple.product-type.bundle.unit-test";
		};
		1B98EC352AAC1A1E00AAEB2E /* Share to earnUITests */ = {
			isa = PBXNativeTarget;
			buildConfigurationList = 1B98EC462AAC1A1E00AAEB2E /* Build configuration list for PBXNativeTarget "Share to earnUITests" */;
			buildPhases = (
				1B98EC322AAC1A1E00AAEB2E /* Sources */,
				1B98EC332AAC1A1E00AAEB2E /* Frameworks */,
				1B98EC342AAC1A1E00AAEB2E /* Resources */,
			);
			buildRules = (
			);
			dependencies = (
				1B98EC382AAC1A1E00AAEB2E /* PBXTargetDependency */,
			);
			name = "Share to earnUITests";
			productName = "Share to earnUITests";
			productReference = 1B98EC362AAC1A1E00AAEB2E /* Share to earnUITests.xctest */;
			productType = "com.apple.product-type.bundle.ui-testing";
		};
/* End PBXNativeTarget section */

/* Begin PBXProject section */
		1B98EC142AAC1A1D00AAEB2E /* Project object */ = {
			isa = PBXProject;
			attributes = {
				BuildIndependentTargetsInParallel = 1;
				LastSwiftUpdateCheck = 1430;
				LastUpgradeCheck = 1430;
				TargetAttributes = {
					1B98EC1B2AAC1A1D00AAEB2E = {
						CreatedOnToolsVersion = 14.3.1;
					};
					1B98EC2B2AAC1A1E00AAEB2E = {
						CreatedOnToolsVersion = 14.3.1;
						TestTargetID = 1B98EC1B2AAC1A1D00AAEB2E;
					};
					1B98EC352AAC1A1E00AAEB2E = {
						CreatedOnToolsVersion = 14.3.1;
						TestTargetID = 1B98EC1B2AAC1A1D00AAEB2E;
					};
				};
			};
			buildConfigurationList = 1B98EC172AAC1A1D00AAEB2E /* Build configuration list for PBXProject "Share to earn" */;
			compatibilityVersion = "Xcode 14.0";
			developmentRegion = en;
			hasScannedForEncodings = 0;
			knownRegions = (
				en,
				Base,
			);
			mainGroup = 1B98EC132AAC1A1D00AAEB2E;
			productRefGroup = 1B98EC1D2AAC1A1D00AAEB2E /* Products */;
			projectDirPath = "";
			projectRoot = "";
			targets = (
				1B98EC1B2AAC1A1D00AAEB2E /* Share to earn */,
				1B98EC2B2AAC1A1E00AAEB2E /* Share to earnTests */,
				1B98EC352AAC1A1E00AAEB2E /* Share to earnUITests */,
			);
		};
/* End PBXProject section */

/* Begin PBXResourcesBuildPhase section */
		1B98EC1A2AAC1A1D00AAEB2E /* Resources */ = {
			isa = PBXResourcesBuildPhase;
			buildActionMask = 2147483647;
			files = (
				1B98EC272AAC1A1E00AAEB2E /* Preview Assets.xcassets in Resources */,
				1B98EC242AAC1A1E00AAEB2E /* Assets.xcassets in Resources */,
			);
			runOnlyForDeploymentPostprocessing = 0;
		};
		1B98EC2A2AAC1A1E00AAEB2E /* Resources */ = {
			isa = PBXResourcesBuildPhase;
			buildActionMask = 2147483647;
			files = (
			);
			runOnlyForDeploymentPostprocessing = 0;
		};
		1B98EC342AAC1A1E00AAEB2E /* Resources */ = {
			isa = PBXResourcesBuildPhase;
			buildActionMask = 2147483647;
			files = (
			);
			runOnlyForDeploymentPostprocessing = 0;
		};
/* End PBXResourcesBuildPhase section */

/* Begin PBXSourcesBuildPhase section */
		1B98EC182AAC1A1D00AAEB2E /* Sources */ = {
			isa = PBXSourcesBuildPhase;
			buildActionMask = 2147483647;
			files = (
				1B98EC222AAC1A1D00AAEB2E /* ContentView.swift in Sources */,
				1B98EC202AAC1A1D00AAEB2E /* Share_to_earnApp.swift in Sources */,
			);
			runOnlyForDeploymentPostprocessing = 0;
		};
		1B98EC282AAC1A1E00AAEB2E /* Sources */ = {
			isa = PBXSourcesBuildPhase;
			buildActionMask = 2147483647;
			files = (
				1B98EC312AAC1A1E00AAEB2E /* Share_to_earnTests.swift in Sources */,
			);
			runOnlyForDeploymentPostprocessing = 0;
		};
		1B98EC322AAC1A1E00AAEB2E /* Sources */ = {
			isa = PBXSourcesBuildPhase;
			buildActionMask = 2147483647;
			files = (
				1B98EC3B2AAC1A1E00AAEB2E /* Share_to_earnUITests.swift in Sources */,
				1B98EC3D2AAC1A1E00AAEB2E /* Share_to_earnUITestsLaunchTests.swift in Sources */,
			);
			runOnlyForDeploymentPostprocessing = 0;
		};
/* End PBXSourcesBuildPhase section */

/* Begin PBXTargetDependency section */
		1B98EC2E2AAC1A1E00AAEB2E /* PBXTargetDependency */ = {
			isa = PBXTargetDependency;
			target = 1B98EC1B2AAC1A1D00AAEB2E /* Share to earn */;
			targetProxy = 1B98EC2D2AAC1A1E00AAEB2E /* PBXContainerItemProxy */;
		};
		1B98EC382AAC1A1E00AAEB2E /* PBXTargetDependency */ = {
			isa = PBXTargetDependency;
			target = 1B98EC1B2AAC1A1D00AAEB2E /* Share to earn */;
			targetProxy = 1B98EC372AAC1A1E00AAEB2E /* PBXContainerItemProxy */;
		};
/* End PBXTargetDependency section */

/* Begin XCBuildConfiguration section */
		1B98EC3E2AAC1A1E00AAEB2E /* Debug */ = {
			isa = XCBuildConfiguration;
			buildSettings = {
				ALWAYS_SEARCH_USER_PATHS = NO;
				CLANG_ANALYZER_NONNULL = YES;
				CLANG_ANALYZER_NUMBER_OBJECT_CONVERSION = YES_AGGRESSIVE;
				CLANG_CXX_LANGUAGE_STANDARD = "gnu++20";
				CLANG_ENABLE_MODULES = YES;
				CLANG_ENABLE_OBJC_ARC = YES;
				CLANG_ENABLE_OBJC_WEAK = YES;
				CLANG_WARN_BLOCK_CAPTURE_AUTORELEASING = YES;
				CLANG_WARN_BOOL_CONVERSION = YES;
				CLANG_WARN_COMMA = YES;
				CLANG_WARN_CONSTANT_CONVERSION = YES;
				CLANG_WARN_DEPRECATED_OBJC_IMPLEMENTATIONS = YES;
				CLANG_WARN_DIRECT_OBJC_ISA_USAGE = YES_ERROR;
				CLANG_WARN_DOCUMENTATION_COMMENTS = YES;
				CLANG_WARN_EMPTY_BODY = YES;
				CLANG_WARN_ENUM_CONVERSION = YES;
				CLANG_WARN_INFINITE_RECURSION = YES;
				CLANG_WARN_INT_CONVERSION = YES;
				CLANG_WARN_NON_LITERAL_NULL_CONVERSION = YES;
				CLANG_WARN_OBJC_IMPLICIT_RETAIN_SELF = YES;
				CLANG_WARN_OBJC_LITERAL_CONVERSION = YES;
				CLANG_WARN_OBJC_ROOT_CLASS = YES_ERROR;
				CLANG_WARN_QUOTED_INCLUDE_IN_FRAMEWORK_HEADER = YES;
				CLANG_WARN_RANGE_LOOP_ANALYSIS = YES;
				CLANG_WARN_STRICT_PROTOTYPES = YES;
				CLANG_WARN_SUSPICIOUS_MOVE = YES;
				CLANG_WARN_UNGUARDED_AVAILABILITY = YES_AGGRESSIVE;
				CLANG_WARN_UNREACHABLE_CODE = YES;
				CLANG_WARN__DUPLICATE_METHOD_MATCH = YES;
				COPY_PHASE_STRIP = NO;
				DEBUG_INFORMATION_FORMAT = dwarf;
				ENABLE_STRICT_OBJC_MSGSEND = YES;
				ENABLE_TESTABILITY = YES;
				GCC_C_LANGUAGE_STANDARD = gnu11;
				GCC_DYNAMIC_NO_PIC = NO;
				GCC_NO_COMMON_BLOCKS = YES;
				GCC_OPTIMIZATION_LEVEL = 0;
				GCC_PREPROCESSOR_DEFINITIONS = (
					"DEBUG=1",
					"$(inherited)",
				);
				GCC_WARN_64_TO_32_BIT_CONVERSION = YES;
				GCC_WARN_ABOUT_RETURN_TYPE = YES_ERROR;
				GCC_WARN_UNDECLARED_SELECTOR = YES;
				GCC_WARN_UNINITIALIZED_AUTOS = YES_AGGRESSIVE;
				GCC_WARN_UNUSED_FUNCTION = YES;
				GCC_WARN_UNUSED_VARIABLE = YES;
				IPHONEOS_DEPLOYMENT_TARGET = 16.4;
				MTL_ENABLE_DEBUG_INFO = INCLUDE_SOURCE;
				MTL_FAST_MATH = YES;
				ONLY_ACTIVE_ARCH = YES;
				SDKROOT = iphoneos;
				SWIFT_ACTIVE_COMPILATION_CONDITIONS = DEBUG;
				SWIFT_OPTIMIZATION_LEVEL = "-Onone";
			};
			name = Debug;
		};
		1B98EC3F2AAC1A1E00AAEB2E /* Release */ = {
			isa = XCBuildConfiguration;
			buildSettings = {
				ALWAYS_SEARCH_USER_PATHS = NO;
				CLANG_ANALYZER_NONNULL = YES;
				CLANG_ANALYZER_NUMBER_OBJECT_CONVERSION = YES_AGGRESSIVE;
				CLANG_CXX_LANGUAGE_STANDARD = "gnu++20";
				CLANG_ENABLE_MODULES = YES;
				CLANG_ENABLE_OBJC_ARC = YES;
				CLANG_ENABLE_OBJC_WEAK = YES;
				CLANG_WARN_BLOCK_CAPTURE_AUTORELEASING = YES;
				CLANG_WARN_BOOL_CONVERSION = YES;
				CLANG_WARN_COMMA = YES;
				CLANG_WARN_CONSTANT_CONVERSION = YES;
				CLANG_WARN_DEPRECATED_OBJC_IMPLEMENTATIONS = YES;
				CLANG_WARN_DIRECT_OBJC_ISA_USAGE = YES_ERROR;
				CLANG_WARN_DOCUMENTATION_COMMENTS = YES;
				CLANG_WARN_EMPTY_BODY = YES;
				CLANG_WARN_ENUM_CONVERSION = YES;
				CLANG_WARN_INFINITE_RECURSION = YES;
				CLANG_WARN_INT_CONVERSION = YES;
				CLANG_WARN_NON_LITERAL_NULL_CONVERSION = YES;
				CLANG_WARN_OBJC_IMPLICIT_RETAIN_SELF = YES;
				CLANG_WARN_OBJC_LITERAL_CONVERSION = YES;
				CLANG_WARN_OBJC_ROOT_CLASS = YES_ERROR;
				CLANG_WARN_QUOTED_INCLUDE_IN_FRAMEWORK_HEADER = YES;
				CLANG_WARN_RANGE_LOOP_ANALYSIS = YES;
				CLANG_WARN_STRICT_PROTOTYPES = YES;
				CLANG_WARN_SUSPICIOUS_MOVE = YES;
				CLANG_WARN_UNGUARDED_AVAILABILITY = YES_AGGRESSIVE;
				CLANG_WARN_UNREACHABLE_CODE = YES;
				CLANG_WARN__DUPLICATE_METHOD_MATCH = YES;
				COPY_PHASE_STRIP = NO;
				DEBUG_INFORMATION_FORMAT = "dwarf-with-dsym";
				ENABLE_NS_ASSERTIONS = NO;
				ENABLE_STRICT_OBJC_MSGSEND = YES;
				GCC_C_LANGUAGE_STANDARD = gnu11;
				GCC_NO_COMMON_BLOCKS = YES;
				GCC_WARN_64_TO_32_BIT_CONVERSION = YES;
				GCC_WARN_ABOUT_RETURN_TYPE = YES_ERROR;
				GCC_WARN_UNDECLARED_SELECTOR = YES;
				GCC_WARN_UNINITIALIZED_AUTOS = YES_AGGRESSIVE;
				GCC_WARN_UNUSED_FUNCTION = YES;
				GCC_WARN_UNUSED_VARIABLE = YES;
				IPHONEOS_DEPLOYMENT_TARGET = 16.4;
				MTL_ENABLE_DEBUG_INFO = NO;
				MTL_FAST_MATH = YES;
				SDKROOT = iphoneos;
				SWIFT_COMPILATION_MODE = wholemodule;
				SWIFT_OPTIMIZATION_LEVEL = "-O";
				VALIDATE_PRODUCT = YES;
			};
			name = Release;
		};
		1B98EC412AAC1A1E00AAEB2E /* Debug */ = {
			isa = XCBuildConfiguration;
			buildSettings = {
				ASSETCATALOG_COMPILER_APPICON_NAME = AppIcon;
				ASSETCATALOG_COMPILER_GLOBAL_ACCENT_COLOR_NAME = AccentColor;
				CODE_SIGN_STYLE = Automatic;
				CURRENT_PROJECT_VERSION = 1;
				DEVELOPMENT_ASSET_PATHS = "\"Share to earn/Preview Content\"";
				ENABLE_PREVIEWS = YES;
				GENERATE_INFOPLIST_FILE = YES;
				INFOPLIST_KEY_UIApplicationSceneManifest_Generation = YES;
				INFOPLIST_KEY_UIApplicationSupportsIndirectInputEvents = YES;
				INFOPLIST_KEY_UILaunchScreen_Generation = YES;
				INFOPLIST_KEY_UISupportedInterfaceOrientations_iPad = "UIInterfaceOrientationPortrait UIInterfaceOrientationPortraitUpsideDown UIInterfaceOrientationLandscapeLeft UIInterfaceOrientationLandscapeRight";
				INFOPLIST_KEY_UISupportedInterfaceOrientations_iPhone = "UIInterfaceOrientationPortrait UIInterfaceOrientationLandscapeLeft UIInterfaceOrientationLandscapeRight";
				LD_RUNPATH_SEARCH_PATHS = (
					"$(inherited)",
					"@executable_path/Frameworks",
				);
				MARKETING_VERSION = 1.0;
				PRODUCT_BUNDLE_IDENTIFIER = "leslie.Share-to-earn";
				PRODUCT_NAME = "$(TARGET_NAME)";
				SWIFT_EMIT_LOC_STRINGS = YES;
				SWIFT_VERSION = 5.0;
				TARGETED_DEVICE_FAMILY = "1,2";
			};
			name = Debug;
		};
		1B98EC422AAC1A1E00AAEB2E /* Release */ = {
			isa = XCBuildConfiguration;
			buildSettings = {
				ASSETCATALOG_COMPILER_APPICON_NAME = AppIcon;
				ASSETCATALOG_COMPILER_GLOBAL_ACCENT_COLOR_NAME = AccentColor;
				CODE_SIGN_STYLE = Automatic;
				CURRENT_PROJECT_VERSION = 1;
				DEVELOPMENT_ASSET_PATHS = "\"Share to earn/Preview Content\"";
				ENABLE_PREVIEWS = YES;
				GENERATE_INFOPLIST_FILE = YES;
				INFOPLIST_KEY_UIApplicationSceneManifest_Generation = YES;
				INFOPLIST_KEY_UIApplicationSupportsIndirectInputEvents = YES;
				INFOPLIST_KEY_UILaunchScreen_Generation = YES;
				INFOPLIST_KEY_UISupportedInterfaceOrientations_iPad = "UIInterfaceOrientationPortrait UIInterfaceOrientationPortraitUpsideDown UIInterfaceOrientationLandscapeLeft UIInterfaceOrientationLandscapeRight";
				INFOPLIST_KEY_UISupportedInterfaceOrientations_iPhone = "UIInterfaceOrientationPortrait UIInterfaceOrientationLandscapeLeft UIInterfaceOrientationLandscapeRight";
				LD_RUNPATH_SEARCH_PATHS = (
					"$(inherited)",
					"@executable_path/Frameworks",
				);
				MARKETING_VERSION = 1.0;
				PRODUCT_BUNDLE_IDENTIFIER = "leslie.Share-to-earn";
				PRODUCT_NAME = "$(TARGET_NAME)";
				SWIFT_EMIT_LOC_STRINGS = YES;
				SWIFT_VERSION = 5.0;
				TARGETED_DEVICE_FAMILY = "1,2";
			};
			name = Release;
		};
		1B98EC442AAC1A1E00AAEB2E /* Debug */ = {
			isa = XCBuildConfiguration;
			buildSettings = {
				ALWAYS_EMBED_SWIFT_STANDARD_LIBRARIES = YES;
				BUNDLE_LOADER = "$(TEST_HOST)";
				CODE_SIGN_STYLE = Automatic;
				CURRENT_PROJECT_VERSION = 1;
				GENERATE_INFOPLIST_FILE = YES;
				IPHONEOS_DEPLOYMENT_TARGET = 16.4;
				MARKETING_VERSION = 1.0;
				PRODUCT_BUNDLE_IDENTIFIER = "leslie.Share-to-earnTests";
				PRODUCT_NAME = "$(TARGET_NAME)";
				SWIFT_EMIT_LOC_STRINGS = NO;
				SWIFT_VERSION = 5.0;
				TARGETED_DEVICE_FAMILY = "1,2";
				TEST_HOST = "$(BUILT_PRODUCTS_DIR)/Share to earn.app/$(BUNDLE_EXECUTABLE_FOLDER_PATH)/Share to earn";
			};
			name = Debug;
		};
		1B98EC452AAC1A1E00AAEB2E /* Release */ = {
			isa = XCBuildConfiguration;
			buildSettings = {
				ALWAYS_EMBED_SWIFT_STANDARD_LIBRARIES = YES;
				BUNDLE_LOADER = "$(TEST_HOST)";
				CODE_SIGN_STYLE = Automatic;
				CURRENT_PROJECT_VERSION = 1;
				GENERATE_INFOPLIST_FILE = YES;
				IPHONEOS_DEPLOYMENT_TARGET = 16.4;
				MARKETING_VERSION = 1.0;
				PRODUCT_BUNDLE_IDENTIFIER = "leslie.Share-to-earnTests";
				PRODUCT_NAME = "$(TARGET_NAME)";
				SWIFT_EMIT_LOC_STRINGS = NO;
				SWIFT_VERSION = 5.0;
				TARGETED_DEVICE_FAMILY = "1,2";
				TEST_HOST = "$(BUILT_PRODUCTS_DIR)/Share to earn.app/$(BUNDLE_EXECUTABLE_FOLDER_PATH)/Share to earn";
			};
			name = Release;
		};
		1B98EC472AAC1A1E00AAEB2E /* Debug */ = {
			isa = XCBuildConfiguration;
			buildSettings = {
				ALWAYS_EMBED_SWIFT_STANDARD_LIBRARIES = YES;
				CODE_SIGN_STYLE = Automatic;
				CURRENT_PROJECT_VERSION = 1;
				GENERATE_INFOPLIST_FILE = YES;
				MARKETING_VERSION = 1.0;
				PRODUCT_BUNDLE_IDENTIFIER = "leslie.Share-to-earnUITests";
				PRODUCT_NAME = "$(TARGET_NAME)";
				SWIFT_EMIT_LOC_STRINGS = NO;
				SWIFT_VERSION = 5.0;
				TARGETED_DEVICE_FAMILY = "1,2";
				TEST_TARGET_NAME = "Share to earn";
			};
			name = Debug;
		};
		1B98EC482AAC1A1E00AAEB2E /* Release */ = {
			isa = XCBuildConfiguration;
			buildSettings = {
				ALWAYS_EMBED_SWIFT_STANDARD_LIBRARIES = YES;
				CODE_SIGN_STYLE = Automatic;
				CURRENT_PROJECT_VERSION = 1;
				GENERATE_INFOPLIST_FILE = YES;
				MARKETING_VERSION = 1.0;
				PRODUCT_BUNDLE_IDENTIFIER = "leslie.Share-to-earnUITests";
				PRODUCT_NAME = "$(TARGET_NAME)";
				SWIFT_EMIT_LOC_STRINGS = NO;
				SWIFT_VERSION = 5.0;
				TARGETED_DEVICE_FAMILY = "1,2";
				TEST_TARGET_NAME = "Share to earn";
			};
			name = Release;
		};
/* End XCBuildConfiguration section */

/* Begin XCConfigurationList section */
		1B98EC172AAC1A1D00AAEB2E /* Build configuration list for PBXProject "Share to earn" */ = {
			isa = XCConfigurationList;
			buildConfigurations = (
				1B98EC3E2AAC1A1E00AAEB2E /* Debug */,
				1B98EC3F2AAC1A1E00AAEB2E /* Release */,
			);
			defaultConfigurationIsVisible = 0;
			defaultConfigurationName = Release;
		};
		1B98EC402AAC1A1E00AAEB2E /* Build configuration list for PBXNativeTarget "Share to earn" */ = {
			isa = XCConfigurationList;
			buildConfigurations = (
				1B98EC412AAC1A1E00AAEB2E /* Debug */,
				1B98EC422AAC1A1E00AAEB2E /* Release */,
			);
			defaultConfigurationIsVisible = 0;
			defaultConfigurationName = Release;
		};
		1B98EC432AAC1A1E00AAEB2E /* Build configuration list for PBXNativeTarget "Share to earnTests" */ = {
			isa = XCConfigurationList;
			buildConfigurations = (
				1B98EC442AAC1A1E00AAEB2E /* Debug */,
				1B98EC452AAC1A1E00AAEB2E /* Release */,
			);
			defaultConfigurationIsVisible = 0;
			defaultConfigurationName = Release;
		};
		1B98EC462AAC1A1E00AAEB2E /* Build configuration list for PBXNativeTarget "Share to earnUITests" */ = {
			isa = XCConfigurationList;
			buildConfigurations = (
				1B98EC472AAC1A1E00AAEB2E /* Debug */,
				1B98EC482AAC1A1E00AAEB2E /* Release */,
			);
			defaultConfigurationIsVisible = 0;
			defaultConfigurationName = Release;
		};
/* End XCConfigurationList section */
	};
	rootObject = 1B98EC142AAC1A1D00AAEB2E /* Project object */;
}
